
Microsoft Visual Studio Solution File, Format Version 12.00
# Visual Studio Version 16
VisualStudioVersion = 16.0.28809.33
MinimumVisualStudioVersion = 10.0.40219.1
Project("{FAE04EC0-301F-11D3-BF4B-00C04F79EFBC}") = "BlackWidow.Core", "BlackWidow.Core\BlackWidow.Core.csproj", "{1AD92304-6845-4925-BAB5-99A50567E4EE}"
EndProject
Global
	GlobalSection(SolutionConfigurationPlatforms) = preSolution
		Debug|Any CPU = Debug|Any CPU
		Release|Any CPU = Release|Any CPU
	EndGlobalSection
	GlobalSection(ProjectConfigurationPlatforms) = postSolution
		{1AD92304-6845-4925-BAB5-99A50567E4EE}.Debug|Any CPU.ActiveCfg = Debug|Any CPU
		{1AD92304-6845-4925-BAB5-99A50567E4EE}.Debug|Any CPU.Build.0 = Debug|Any CPU
		{1AD92304-6845-4925-BAB5-99A50567E4EE}.Release|Any CPU.ActiveCfg = Release|Any CPU
		{1AD92304-6845-4925-BAB5-99A50567E4EE}.Release|Any CPU.Build.0 = Release|Any CPU
	EndGlobalSection
	GlobalSection(SolutionProperties) = preSolution
		HideSolutionNode = FALSE
	EndGlobalSection
	GlobalSection(ExtensibilityGlobals) = postSolution
		SolutionGuid = {34DCA4AB-24DF-467D-B93B-3F9993B5B0A1}
	EndGlobalSection
EndGlobal
